// !$*UTF8*$!
{
	archiveVersion = 1;
	classes = {
	};
	objectVersion = 50;
	objects = {

/* Begin PBXBuildFile section */
		2933F92C23E0C7330054AF21 /* Singleton.swift in Sources */ = {isa = PBXBuildFile; fileRef = 2933F92B23E0C7330054AF21 /* Singleton.swift */; };
		2933F92E23E0CB070054AF21 /* DiveCard.swift in Sources */ = {isa = PBXBuildFile; fileRef = 2933F92D23E0CB070054AF21 /* DiveCard.swift */; };
		29784B2F23DF2D7300ED4363 /* AppDelegate.swift in Sources */ = {isa = PBXBuildFile; fileRef = 29784B2E23DF2D7300ED4363 /* AppDelegate.swift */; };
		29784B3123DF2D7300ED4363 /* SceneDelegate.swift in Sources */ = {isa = PBXBuildFile; fileRef = 29784B3023DF2D7300ED4363 /* SceneDelegate.swift */; };
		29784B3323DF2D7300ED4363 /* ContentView.swift in Sources */ = {isa = PBXBuildFile; fileRef = 29784B3223DF2D7300ED4363 /* ContentView.swift */; };
		29784B3523DF2D7800ED4363 /* Assets.xcassets in Resources */ = {isa = PBXBuildFile; fileRef = 29784B3423DF2D7800ED4363 /* Assets.xcassets */; };
		29784B3823DF2D7800ED4363 /* Preview Assets.xcassets in Resources */ = {isa = PBXBuildFile; fileRef = 29784B3723DF2D7800ED4363 /* Preview Assets.xcassets */; };
		29784B3B23DF2D7800ED4363 /* LaunchScreen.storyboard in Resources */ = {isa = PBXBuildFile; fileRef = 29784B3923DF2D7800ED4363 /* LaunchScreen.storyboard */; };
		29784B4423DF2DC300ED4363 /* DiveCardView.swift in Sources */ = {isa = PBXBuildFile; fileRef = 29784B4323DF2DC300ED4363 /* DiveCardView.swift */; };
		29784B4623E0689F00ED4363 /* DiveDetailView.swift in Sources */ = {isa = PBXBuildFile; fileRef = 29784B4523E0689F00ED4363 /* DiveDetailView.swift */; };
		29784B4823E08C7300ED4363 /* DiveCreateView.swift in Sources */ = {isa = PBXBuildFile; fileRef = 29784B4723E08C7300ED4363 /* DiveCreateView.swift */; };
		29D7172923E1FEB100BFBE98 /* ImagePickerRepresentable.swift in Sources */ = {isa = PBXBuildFile; fileRef = 29D7172823E1FEB100BFBE98 /* ImagePickerRepresentable.swift */; };
/* End PBXBuildFile section */

/* Begin PBXFileReference section */
		2933F92B23E0C7330054AF21 /* Singleton.swift */ = {isa = PBXFileReference; lastKnownFileType = sourcecode.swift; path = Singleton.swift; sourceTree = "<group>"; };
		2933F92D23E0CB070054AF21 /* DiveCard.swift */ = {isa = PBXFileReference; lastKnownFileType = sourcecode.swift; path = DiveCard.swift; sourceTree = "<group>"; };
		29784B2B23DF2D7300ED4363 /* ScubaBook.app */ = {isa = PBXFileReference; explicitFileType = wrapper.application; includeInIndex = 0; path = ScubaBook.app; sourceTree = BUILT_PRODUCTS_DIR; };
		29784B2E23DF2D7300ED4363 /* AppDelegate.swift */ = {isa = PBXFileReference; lastKnownFileType = sourcecode.swift; path = AppDelegate.swift; sourceTree = "<group>"; };
		29784B3023DF2D7300ED4363 /* SceneDelegate.swift */ = {isa = PBXFileReference; lastKnownFileType = sourcecode.swift; path = SceneDelegate.swift; sourceTree = "<group>"; };
		29784B3223DF2D7300ED4363 /* ContentView.swift */ = {isa = PBXFileReference; lastKnownFileType = sourcecode.swift; path = ContentView.swift; sourceTree = "<group>"; };
		29784B3423DF2D7800ED4363 /* Assets.xcassets */ = {isa = PBXFileReference; lastKnownFileType = folder.assetcatalog; path = Assets.xcassets; sourceTree = "<group>"; };
		29784B3723DF2D7800ED4363 /* Preview Assets.xcassets */ = {isa = PBXFileReference; lastKnownFileType = folder.assetcatalog; path = "Preview Assets.xcassets"; sourceTree = "<group>"; };
		29784B3A23DF2D7800ED4363 /* Base */ = {isa = PBXFileReference; lastKnownFileType = file.storyboard; name = Base; path = Base.lproj/LaunchScreen.storyboard; sourceTree = "<group>"; };
		29784B3C23DF2D7800ED4363 /* Info.plist */ = {isa = PBXFileReference; lastKnownFileType = text.plist.xml; path = Info.plist; sourceTree = "<group>"; };
		29784B4323DF2DC300ED4363 /* DiveCardView.swift */ = {isa = PBXFileReference; lastKnownFileType = sourcecode.swift; path = DiveCardView.swift; sourceTree = "<group>"; };
		29784B4523E0689F00ED4363 /* DiveDetailView.swift */ = {isa = PBXFileReference; lastKnownFileType = sourcecode.swift; path = DiveDetailView.swift; sourceTree = "<group>"; };
		29784B4723E08C7300ED4363 /* DiveCreateView.swift */ = {isa = PBXFileReference; lastKnownFileType = sourcecode.swift; path = DiveCreateView.swift; sourceTree = "<group>"; };
		29D7172823E1FEB100BFBE98 /* ImagePickerRepresentable.swift */ = {isa = PBXFileReference; lastKnownFileType = sourcecode.swift; path = ImagePickerRepresentable.swift; sourceTree = "<group>"; };
/* End PBXFileReference section */

/* Begin PBXFrameworksBuildPhase section */
		29784B2823DF2D7300ED4363 /* Frameworks */ = {
			isa = PBXFrameworksBuildPhase;
			buildActionMask = 2147483647;
			files = (
			);
			runOnlyForDeploymentPostprocessing = 0;
		};
/* End PBXFrameworksBuildPhase section */

/* Begin PBXGroup section */
		29784B2223DF2D7300ED4363 = {
			isa = PBXGroup;
			children = (
				29784B2D23DF2D7300ED4363 /* ScubaBook */,
				29784B2C23DF2D7300ED4363 /* Products */,
			);
			sourceTree = "<group>";
		};
		29784B2C23DF2D7300ED4363 /* Products */ = {
			isa = PBXGroup;
			children = (
				29784B2B23DF2D7300ED4363 /* ScubaBook.app */,
			);
			name = Products;
			sourceTree = "<group>";
		};
		29784B2D23DF2D7300ED4363 /* ScubaBook */ = {
			isa = PBXGroup;
			children = (
				29D7172723E1FE9B00BFBE98 /* Representables */,
				29784B4223DF2DAC00ED4363 /* Views */,
				29784B2E23DF2D7300ED4363 /* AppDelegate.swift */,
				29784B3023DF2D7300ED4363 /* SceneDelegate.swift */,
				29784B3223DF2D7300ED4363 /* ContentView.swift */,
				29784B3423DF2D7800ED4363 /* Assets.xcassets */,
				29784B3923DF2D7800ED4363 /* LaunchScreen.storyboard */,
				29784B3C23DF2D7800ED4363 /* Info.plist */,
				29784B3623DF2D7800ED4363 /* Preview Content */,
				2933F92B23E0C7330054AF21 /* Singleton.swift */,
				2933F92D23E0CB070054AF21 /* DiveCard.swift */,
			);
			path = ScubaBook;
			sourceTree = "<group>";
		};
		29784B3623DF2D7800ED4363 /* Preview Content */ = {
			isa = PBXGroup;
			children = (
				29784B3723DF2D7800ED4363 /* Preview Assets.xcassets */,
			);
			path = "Preview Content";
			sourceTree = "<group>";
		};
		29784B4223DF2DAC00ED4363 /* Views */ = {
			isa = PBXGroup;
			children = (
				29784B4323DF2DC300ED4363 /* DiveCardView.swift */,
				29784B4523E0689F00ED4363 /* DiveDetailView.swift */,
				29784B4723E08C7300ED4363 /* DiveCreateView.swift */,
			);
			path = Views;
			sourceTree = "<group>";
		};
		29D7172723E1FE9B00BFBE98 /* Representables */ = {
			isa = PBXGroup;
			children = (
				29D7172823E1FEB100BFBE98 /* ImagePickerRepresentable.swift */,
			);
			path = Representables;
			sourceTree = "<group>";
		};
/* End PBXGroup section */

/* Begin PBXNativeTarget section */
		29784B2A23DF2D7300ED4363 /* ScubaBook */ = {
			isa = PBXNativeTarget;
			buildConfigurationList = 29784B3F23DF2D7800ED4363 /* Build configuration list for PBXNativeTarget "ScubaBook" */;
			buildPhases = (
				29784B2723DF2D7300ED4363 /* Sources */,
				29784B2823DF2D7300ED4363 /* Frameworks */,
				29784B2923DF2D7300ED4363 /* Resources */,
			);
			buildRules = (
			);
			dependencies = (
			);
			name = ScubaBook;
			productName = ScubaBook;
			productReference = 29784B2B23DF2D7300ED4363 /* ScubaBook.app */;
			productType = "com.apple.product-type.application";
		};
/* End PBXNativeTarget section */

/* Begin PBXProject section */
		29784B2323DF2D7300ED4363 /* Project object */ = {
			isa = PBXProject;
			attributes = {
				LastSwiftUpdateCheck = 1120;
				LastUpgradeCheck = 1120;
				ORGANIZATIONNAME = "Gabriel Taques";
				TargetAttributes = {
					29784B2A23DF2D7300ED4363 = {
						CreatedOnToolsVersion = 11.2.1;
					};
				};
			};
			buildConfigurationList = 29784B2623DF2D7300ED4363 /* Build configuration list for PBXProject "ScubaBook" */;
			compatibilityVersion = "Xcode 9.3";
			developmentRegion = en;
			hasScannedForEncodings = 0;
			knownRegions = (
				en,
				Base,
			);
			mainGroup = 29784B2223DF2D7300ED4363;
			productRefGroup = 29784B2C23DF2D7300ED4363 /* Products */;
			projectDirPath = "";
			projectRoot = "";
			targets = (
				29784B2A23DF2D7300ED4363 /* ScubaBook */,
			);
		};
/* End PBXProject section */

/* Begin PBXResourcesBuildPhase section */
		29784B2923DF2D7300ED4363 /* Resources */ = {
			isa = PBXResourcesBuildPhase;
			buildActionMask = 2147483647;
			files = (
				29784B3B23DF2D7800ED4363 /* LaunchScreen.storyboard in Resources */,
				29784B3823DF2D7800ED4363 /* Preview Assets.xcassets in Resources */,
				29784B3523DF2D7800ED4363 /* Assets.xcassets in Resources */,
			);
			runOnlyForDeploymentPostprocessing = 0;
		};
/* End PBXResourcesBuildPhase section */

/* Begin PBXSourcesBuildPhase section */
		29784B2723DF2D7300ED4363 /* Sources */ = {
			isa = PBXSourcesBuildPhase;
			buildActionMask = 2147483647;
			files = (
				29D7172923E1FEB100BFBE98 /* ImagePickerRepresentable.swift in Sources */,
				29784B4623E0689F00ED4363 /* DiveDetailView.swift in Sources */,
				2933F92C23E0C7330054AF21 /* Singleton.swift in Sources */,
				29784B2F23DF2D7300ED4363 /* AppDelegate.swift in Sources */,
				29784B3123DF2D7300ED4363 /* SceneDelegate.swift in Sources */,
				29784B4423DF2DC300ED4363 /* DiveCardView.swift in Sources */,
				2933F92E23E0CB070054AF21 /* DiveCard.swift in Sources */,
				29784B4823E08C7300ED4363 /* DiveCreateView.swift in Sources */,
				29784B3323DF2D7300ED4363 /* ContentView.swift in Sources */,
			);
			runOnlyForDeploymentPostprocessing = 0;
		};
/* End PBXSourcesBuildPhase section */

/* Begin PBXVariantGroup section */
		29784B3923DF2D7800ED4363 /* LaunchScreen.storyboard */ = {
			isa = PBXVariantGroup;
			children = (
				29784B3A23DF2D7800ED4363 /* Base */,
			);
			name = LaunchScreen.storyboard;
			sourceTree = "<group>";
		};
/* End PBXVariantGroup section */

/* Begin XCBuildConfiguration section */
		29784B3D23DF2D7800ED4363 /* Debug */ = {
			isa = XCBuildConfiguration;
			buildSettings = {
				ALWAYS_SEARCH_USER_PATHS = NO;
				CLANG_ANALYZER_NONNULL = YES;
				CLANG_ANALYZER_NUMBER_OBJECT_CONVERSION = YES_AGGRESSIVE;
				CLANG_CXX_LANGUAGE_STANDARD = "gnu++14";
				CLANG_CXX_LIBRARY = "libc++";
				CLANG_ENABLE_MODULES = YES;
				CLANG_ENABLE_OBJC_ARC = YES;
				CLANG_ENABLE_OBJC_WEAK = YES;
				CLANG_WARN_BLOCK_CAPTURE_AUTORELEASING = YES;
				CLANG_WARN_BOOL_CONVERSION = YES;
				CLANG_WARN_COMMA = YES;
				CLANG_WARN_CONSTANT_CONVERSION = YES;
				CLANG_WARN_DEPRECATED_OBJC_IMPLEMENTATIONS = YES;
				CLANG_WARN_DIRECT_OBJC_ISA_USAGE = YES_ERROR;
				CLANG_WARN_DOCUMENTATION_COMMENTS = YES;
				CLANG_WARN_EMPTY_BODY = YES;
				CLANG_WARN_ENUM_CONVERSION = YES;
				CLANG_WARN_INFINITE_RECURSION = YES;
				CLANG_WARN_INT_CONVERSION = YES;
				CLANG_WARN_NON_LITERAL_NULL_CONVERSION = YES;
				CLANG_WARN_OBJC_IMPLICIT_RETAIN_SELF = YES;
				CLANG_WARN_OBJC_LITERAL_CONVERSION = YES;
				CLANG_WARN_OBJC_ROOT_CLASS = YES_ERROR;
				CLANG_WARN_RANGE_LOOP_ANALYSIS = YES;
				CLANG_WARN_STRICT_PROTOTYPES = YES;
				CLANG_WARN_SUSPICIOUS_MOVE = YES;
				CLANG_WARN_UNGUARDED_AVAILABILITY = YES_AGGRESSIVE;
				CLANG_WARN_UNREACHABLE_CODE = YES;
				CLANG_WARN__DUPLICATE_METHOD_MATCH = YES;
				COPY_PHASE_STRIP = NO;
				DEBUG_INFORMATION_FORMAT = dwarf;
				ENABLE_STRICT_OBJC_MSGSEND = YES;
				ENABLE_TESTABILITY = YES;
				GCC_C_LANGUAGE_STANDARD = gnu11;
				GCC_DYNAMIC_NO_PIC = NO;
				GCC_NO_COMMON_BLOCKS = YES;
				GCC_OPTIMIZATION_LEVEL = 0;
				GCC_PREPROCESSOR_DEFINITIONS = (
					"DEBUG=1",
					"$(inherited)",
				);
				GCC_WARN_64_TO_32_BIT_CONVERSION = YES;
				GCC_WARN_ABOUT_RETURN_TYPE = YES_ERROR;
				GCC_WARN_UNDECLARED_SELECTOR = YES;
				GCC_WARN_UNINITIALIZED_AUTOS = YES_AGGRESSIVE;
				GCC_WARN_UNUSED_FUNCTION = YES;
				GCC_WARN_UNUSED_VARIABLE = YES;
				IPHONEOS_DEPLOYMENT_TARGET = 13.2;
				MTL_ENABLE_DEBUG_INFO = INCLUDE_SOURCE;
				MTL_FAST_MATH = YES;
				ONLY_ACTIVE_ARCH = YES;
				SDKROOT = iphoneos;
				SWIFT_ACTIVE_COMPILATION_CONDITIONS = DEBUG;
				SWIFT_OPTIMIZATION_LEVEL = "-Onone";
			};
			name = Debug;
		};
		29784B3E23DF2D7800ED4363 /* Release */ = {
			isa = XCBuildConfiguration;
			buildSettings = {
				ALWAYS_SEARCH_USER_PATHS = NO;
				CLANG_ANALYZER_NONNULL = YES;
				CLANG_ANALYZER_NUMBER_OBJECT_CONVERSION = YES_AGGRESSIVE;
				CLANG_CXX_LANGUAGE_STANDARD = "gnu++14";
				CLANG_CXX_LIBRARY = "libc++";
				CLANG_ENABLE_MODULES = YES;
				CLANG_ENABLE_OBJC_ARC = YES;
				CLANG_ENABLE_OBJC_WEAK = YES;
				CLANG_WARN_BLOCK_CAPTURE_AUTORELEASING = YES;
				CLANG_WARN_BOOL_CONVERSION = YES;
				CLANG_WARN_COMMA = YES;
				CLANG_WARN_CONSTANT_CONVERSION = YES;
				CLANG_WARN_DEPRECATED_OBJC_IMPLEMENTATIONS = YES;
				CLANG_WARN_DIRECT_OBJC_ISA_USAGE = YES_ERROR;
				CLANG_WARN_DOCUMENTATION_COMMENTS = YES;
				CLANG_WARN_EMPTY_BODY = YES;
				CLANG_WARN_ENUM_CONVERSION = YES;
				CLANG_WARN_INFINITE_RECURSION = YES;
				CLANG_WARN_INT_CONVERSION = YES;
				CLANG_WARN_NON_LITERAL_NULL_CONVERSION = YES;
				CLANG_WARN_OBJC_IMPLICIT_RETAIN_SELF = YES;
				CLANG_WARN_OBJC_LITERAL_CONVERSION = YES;
				CLANG_WARN_OBJC_ROOT_CLASS = YES_ERROR;
				CLANG_WARN_RANGE_LOOP_ANALYSIS = YES;
				CLANG_WARN_STRICT_PROTOTYPES = YES;
				CLANG_WARN_SUSPICIOUS_MOVE = YES;
				CLANG_WARN_UNGUARDED_AVAILABILITY = YES_AGGRESSIVE;
				CLANG_WARN_UNREACHABLE_CODE = YES;
				CLANG_WARN__DUPLICATE_METHOD_MATCH = YES;
				COPY_PHASE_STRIP = NO;
				DEBUG_INFORMATION_FORMAT = "dwarf-with-dsym";
				ENABLE_NS_ASSERTIONS = NO;
				ENABLE_STRICT_OBJC_MSGSEND = YES;
				GCC_C_LANGUAGE_STANDARD = gnu11;
				GCC_NO_COMMON_BLOCKS = YES;
				GCC_WARN_64_TO_32_BIT_CONVERSION = YES;
				GCC_WARN_ABOUT_RETURN_TYPE = YES_ERROR;
				GCC_WARN_UNDECLARED_SELECTOR = YES;
				GCC_WARN_UNINITIALIZED_AUTOS = YES_AGGRESSIVE;
				GCC_WARN_UNUSED_FUNCTION = YES;
				GCC_WARN_UNUSED_VARIABLE = YES;
				IPHONEOS_DEPLOYMENT_TARGET = 13.2;
				MTL_ENABLE_DEBUG_INFO = NO;
				MTL_FAST_MATH = YES;
				SDKROOT = iphoneos;
				SWIFT_COMPILATION_MODE = wholemodule;
				SWIFT_OPTIMIZATION_LEVEL = "-O";
				VALIDATE_PRODUCT = YES;
			};
			name = Release;
		};
		29784B4023DF2D7800ED4363 /* Debug */ = {
			isa = XCBuildConfiguration;
			buildSettings = {
				ASSETCATALOG_COMPILER_APPICON_NAME = AppIcon;
				CODE_SIGN_STYLE = Automatic;
				DEVELOPMENT_ASSET_PATHS = "\"ScubaBook/Preview Content\"";
				DEVELOPMENT_TEAM = Z9M62WF3J6;
				ENABLE_PREVIEWS = YES;
				INFOPLIST_FILE = ScubaBook/Info.plist;
				LD_RUNPATH_SEARCH_PATHS = (
					"$(inherited)",
					"@executable_path/Frameworks",
				);
				PRODUCT_BUNDLE_IDENTIFIER = com.taquesboringcompany.ScubaBook;
				PRODUCT_NAME = "$(TARGET_NAME)";
				SWIFT_VERSION = 5.0;
				TARGETED_DEVICE_FAMILY = "1,2";
			};
			name = Debug;
		};
		29784B4123DF2D7800ED4363 /* Release */ = {
			isa = XCBuildConfiguration;
			buildSettings = {
				ASSETCATALOG_COMPILER_APPICON_NAME = AppIcon;
				CODE_SIGN_STYLE = Automatic;
				DEVELOPMENT_ASSET_PATHS = "\"ScubaBook/Preview Content\"";
				DEVELOPMENT_TEAM = Z9M62WF3J6;
				ENABLE_PREVIEWS = YES;
				INFOPLIST_FILE = ScubaBook/Info.plist;
				LD_RUNPATH_SEARCH_PATHS = (
					"$(inherited)",
					"@executable_path/Frameworks",
				);
				PRODUCT_BUNDLE_IDENTIFIER = com.taquesboringcompany.ScubaBook;
				PRODUCT_NAME = "$(TARGET_NAME)";
				SWIFT_VERSION = 5.0;
				TARGETED_DEVICE_FAMILY = "1,2";
			};
			name = Release;
		};
/* End XCBuildConfiguration section */

/* Begin XCConfigurationList section */
		29784B2623DF2D7300ED4363 /* Build configuration list for PBXProject "ScubaBook" */ = {
			isa = XCConfigurationList;
			buildConfigurations = (
				29784B3D23DF2D7800ED4363 /* Debug */,
				29784B3E23DF2D7800ED4363 /* Release */,
			);
			defaultConfigurationIsVisible = 0;
			defaultConfigurationName = Release;
		};
		29784B3F23DF2D7800ED4363 /* Build configuration list for PBXNativeTarget "ScubaBook" */ = {
			isa = XCConfigurationList;
			buildConfigurations = (
				29784B4023DF2D7800ED4363 /* Debug */,
				29784B4123DF2D7800ED4363 /* Release */,
			);
			defaultConfigurationIsVisible = 0;
			defaultConfigurationName = Release;
		};
/* End XCConfigurationList section */
	};
	rootObject = 29784B2323DF2D7300ED4363 /* Project object */;
}
